STATION_ID=station-3
HARBOR_USER=station3
HARBOR_PASSWORD=station123
HARBOR_EMAIL=station3@localhost.local
STATION_NAME=Station 3
STATION_EMAIL=station3@localhost.local
HARBOR_CLI=local-harbor-cli-secret
HARBOR_WEBHOOK_SECRET=local-webhook-secret
CENTRALSERVICE_ADDRESS=localhost
CENTRALSERVICE_PORT=3000
CENTRALSERVICE_ENDPOINT=http://localhost:3000
AUTH_SERVER_ADDRESS=localhost
AUTH_SERVER_PORT=8090
KC_AUTH_SERVER_URL=http://host.docker.internal:8090
KC_REALM=pht-station
KC_CLIENT_ID=pht-station
KC_CLIENT_SECRET=9eDl3P2lWBhXvuYjy3rsCIi9MvOFFRak
MONGO_HOST=mongo
MONGO_PORT=27017
MONGO_USER=admin
MONGO_PASSWORD=admin123456
MONGO_DB=pht
MONGO_AUTH_SOURCE=admin
DOCKER_HOST=pht-dind
DOCKER_PORT=2376
VAULT_HOST=vault
VAULT_PORT=8200
VAULT_TOKEN=station-root-token
VAULT_ADDR=http://vault:8200
JWT_SECRET=pht-station-jwt-secret
SESSION_SECRET=pht-station-session-secret
METADATA_PROVIDER=http://metadata:9988
METADATA_STORE=http://localhost:8001
COSIGN_ENABLED=false
NODE_ENV=development
HOST_MOUNT_DIRECTORY=/tmp
PRIVATE_KEY="LS0tLS1CRUdJTiBQUklWQVRFIEtFWS0tLS0tCk1JSUV2d0lCQURBTkJna3Foa2lHOXcwQkFRRUZBQVNDQktrd2dnU2xBZ0VBQW9JQkFRRDNxYnowOTY2WTJuNkIKZGFhTWZWWDVoNTdFZ3F5QkNKdmNTTHErdVd0dEdYL0dQaXdvUldzb1ZsQ2Z5eDlFMjZwRDdUeWdJRlp3ay9WaQpVQVpkMitlNno3VGVpMXNNcVljWGNHWDdDWHViQllqUHFWOFlLbzVnZkxlOXFNdnl5SWJtR3RVRHgrOG4yQk8yClllZXVsT2J4VDNOOFBXSUlnN1A5QkVXR1ZLN054bmx1OWo5QVA5Q0hVRVpUN21CaHF1OG1DTDlObGhCbUFZVGkKcUo5TjFmR09sS1pIVG43ekxUb2hhNUJ6UHNNNDVZRkc0Q25qZHIwbVVHcitXNzk3OEJZUVlVRE1pWDdFdE9VeAppRVdBYkM0bk1rRmhiY05ONzdFUXVodGY5c3p1NU5FYXdEOTd3bVRZMTdZQk5PMzc2emdEUXVTWC95c1ZXdERZCnBIRytOSzl0QWdNQkFBRUNnZ0VBQThuL3IycHdBV2FyczNvRC9QZVltU05rdFJ6MVhBUUZzOE8rYlFIcE9DekIKQjdJV2V0eVZCeDVLOHRHVGFPVHpkZXZyUVlmbnlxWjQycDJKZTJZaDVYbklDcCtYTDYrOW9WNHNNVUJlam10SApRZVlWZVFrdHBIYnVyZzE4WnFVcXdJVW9rbnVSN1I5Mmd4UFJ0NW9QbVNHSXVCM2k5MmtNYlQwNDB4Vk43SzFVCitjZGQ5elJ6RFlDVndtbzR3a0gvNldlRXpaTzRXTVZoNFJWTFJuZDN2aFVwQXIxZnEzVXF0eFlLRFUrQWtreXAKdG1FRmU3THkwUmpScjE4bVBScVJlWVhrd085TVVtKy9ITW9xYkpjcXhGVE5ZaDExNHNHNEZkK0ZNNCtmbjhmWgpTL3VLNkY1a0duTXpLaW9adXU3QlN0OS9LSU1QcW5iemZnWDBIbFV3QVFLQmdRRCtRemZNLzM0OVEyR0wxZy9MCjJ4Z3czc1A5VXdZczZvNDZKT1pVYSs2bXA5OHFGMGx4U3psRkcrY0M1YkpwbS90blU0MTRVaWg5UnZSV2lpeHIKTjlZbkhoaUp5YUxrTFdvaTlvMWV3YW45QkhKc3ZFc0JtRWtDdVZOeVNtR3kxaHNIVzNmRnhOZkdkWWh6SjdvVApmcjBxeGdWTUd0dnU0QzRtbWM5T0taWjBFUUtCZ1FENVd2bSszM1ZzbzY5QjVWMFd5VVh2SElVM0pWSjJGSXB4CjhRaXJTTEZJSDFSYTJmYlNOYkpoalg3UXlHS3RsQmF4cnppRUcyaUFNNG1xMzR2YXEySjNid3FFUHlTVXM0ZWoKeTZ6TjN3aDcwU2crZEJHOE5SSTE3MVRhcmprTi9sNmVqbU5QM1dTMkFNT2RaUkplcHBhQlA4TTBac2lpOTVIegozbmFpZkhSeG5RS0JnUUNqcGhYVExwcE15Z0tOb3pBMWtBV0k1c2dVVXd5RmVrNGlaRCtQRkl6YzNPMUl4UVl6CkVpeUJLNDFMRXhYNjNUYzVjTkI4SWIwSHJOUjBvcWdtTmlEeXVtOG11QTNNZU9KNE1HSWJHK0RTQmJ1eitwajQKSk5EUkhRRDFiYVJtRzJINElVbjhrMDRoNE9INjVCWGltRThlcWFjZExhaGluZzEyTU1iNTB0Q1FVUUtCZ1FDbApOay9PMVlPWnJZSUxLUXJhZEJUdjduZWRLQTlReVI5Sml5ZnhSTUtoUkpEQmVUVDk1aklBVEoyL2UyVldHSTVJCndBMjBDZXpkTkVoOGZJelBIMHFvVTF3bWJ5ZXZscHZDUE1xTHhNQjhPUUp2RHJ4SmRPaFI3L2JLeFRCc1F5TXgKN3FtQ1d1L0ZYeEE4a3FEdk1YVDZ3ZUoyTDd1enJsQjN3ZWZjbEpVYVNRS0JnUUNKSEZZSUh3b1hlSGZwanZKSQo4UkMzeTRreU5STWFPdlJQUHIxbEI5dlhKY0hUdjFUWlFBcWZ2bEd5OUo5NHlMaVpjQXBaVHUxRmZYMUJ1bVpYCkxTclIreXUwRFFjQlFibXhDRnRqUDd3TTh2VmVjaENBUHR5RkVmdlIrbGduRXFyK3lnVGRraVo0S0o2aU82bHEKYW8rQUdvbG1KZVRONkFMK2o1WmpNYWR0YXc9PQotLS0tLUVORCBQUklWQVRFIEtFWS0tLS0tCg=="
PUBLIC_KEY="LS0tLS1CRUdJTiBQVUJMSUMgS0VZLS0tLS0KTUlJQklqQU5CZ2txaGtpRzl3MEJBUUVGQUFPQ0FROEFNSUlCQ2dLQ0FRRUE5Nm04OVBldW1OcCtnWFdtakgxVgorWWVleElLc2dRaWIzRWk2dnJscmJSbC94ajRzS0VWcktGWlFuOHNmUk51cVErMDhvQ0JXY0pQMVlsQUdYZHZuCnVzKzAzb3RiREttSEYzQmwrd2w3bXdXSXo2bGZHQ3FPWUh5M3Zhakw4c2lHNWhyVkE4ZnZKOWdUdG1IbnJwVG0KOFU5emZEMWlDSU96L1FSRmhsU3V6Y1o1YnZZL1FEL1FoMUJHVSs1Z1lhcnZKZ2kvVFpZUVpnR0U0cWlmVGRYeApqcFNtUjA1Kzh5MDZJV3VRY3o3RE9PV0JSdUFwNDNhOUpsQnEvbHUvZS9BV0VHRkF6SWwreExUbE1ZaEZnR3d1Ckp6SkJZVzNEVGUreEVMb2JYL2JNN3VUUkdzQS9lOEprMk5lMkFUVHQrK3M0QTBMa2wvOHJGVnJRMktSeHZqU3YKYlFJREFRQUIKLS0tLS1FTkQgUFVCTElDIEtFWS0tLS0tCg=="