STATION_ID=station-1
HARBOR_USER=station1
HARBOR_PASSWORD=station123
HARBOR_EMAIL=station1@localhost.local
STATION_NAME=Station 1
STATION_EMAIL=station1@localhost.local
HARBOR_CLI=local-harbor-cli-secret
HARBOR_WEBHOOK_SECRET=local-webhook-secret
CENTRALSERVICE_ADDRESS=localhost
CENTRALSERVICE_PORT=3000
CENTRALSERVICE_ENDPOINT=http://localhost:3000
AUTH_SERVER_ADDRESS=localhost
AUTH_SERVER_PORT=8090
KC_AUTH_SERVER_URL=http://host.docker.internal:8090
KC_REALM=pht-station
KC_CLIENT_ID=pht-station
KC_CLIENT_SECRET=9eDl3P2lWBhXvuYjy3rsCIi9MvOFFRak
MONGO_HOST=mongo
MONGO_PORT=27017
MONGO_USER=admin
MONGO_PASSWORD=admin123456
MONGO_DB=pht
MONGO_AUTH_SOURCE=admin
DOCKER_HOST=pht-dind
DOCKER_PORT=2376
VAULT_HOST=vault
VAULT_PORT=8200
VAULT_TOKEN=station-root-token
VAULT_ADDR=http://vault:8200
JWT_SECRET=pht-station-jwt-secret
SESSION_SECRET=pht-station-session-secret
METADATA_PROVIDER=http://metadata:9988
METADATA_STORE=http://localhost:8001
COSIGN_ENABLED=false
NODE_ENV=development
HOST_MOUNT_DIRECTORY=/tmp
PRIVATE_KEY="LS0tLS1CRUdJTiBQUklWQVRFIEtFWS0tLS0tCk1JSUV2Z0lCQURBTkJna3Foa2lHOXcwQkFRRUZBQVNDQktnd2dnU2tBZ0VBQW9JQkFRRElmb2dXTzVsMFQxMk8KbXIwVmwrWlVlYVczTG01SXdoRWw3WlBxN3BUUWlveDNpTFEwSE5CT01qWnJzMWVmTDU1K3lFQjNNSUdWMm0rLwpEejN6RzIvcHRSdUgvajVuM2NZaVVtVEdTWkZDRktkaFdQdWJranQ0L2t6Vkt0OG15QWVYVy9lUS9XQVZ2dWZ2CmtvQ0dsb0Q3Yi95ZnE0d2pNTHN2cDJDZWJ4TnRTR2N3WWlDTmMrVU83TWIvd2FrZ3I3SjhaNDE0RDl5N0VUT1YKTm5pR2REMjM2T1R4MjNFdzlVNFZLV3I0eVh1RFN4czQ2endUb0hWUWNCTlRzcDdwQnFsMndidmlKVlVKYXNrNwp4TTg1Z1d5eWxaYlUrME1mTGN1clFVaHc5QXdPSEpndXZEWjMrS1phYitJclM5WElXSFVHbDlmZXJSb3ROKzJpClZyRE51KzQxQWdNQkFBRUNnZ0VBQkFvYjdhUys3Z0M3c0JLWk40SStEZ1Y5d1AvU3ZDMEt6RDAvUGNjWG9QbXEKK2EwN3JPYklES0h4aGtCN1cyQ2ZKeUNibEpDRWlvak00bWdwSUVqZjBQRXptdUpxRHFJc0tvZGNuVUVnc29NNAoyY1dCbTVhNTZOd1RkTGV6MDNQSmNWNHFrZ0F2aTMzelF0aXNZR25QczB2WmtXYjlxeElzTWZvdVFHcnVWTnFNCjRQN2pleStXYW9reTBHZFdYYndkQk9QMm1zOWxRdlM4eG9oam5IaCtESXdXSGVNVXZvQUxSNzUvWnI2bkkwSXQKaTNyeFRDVThxcUlLU0pidkR3RkRrL2tlRFN0Zm1hRTg1TlJmWXEwcXNYSGlnaEVyUGVIMVh6VE05SHZweFkvNgp3anArTk1KSWVxMzZDU2RESjZ6bkhOU3NpVlR5OXBZRXJ4QUR6NDBuQ1FLQmdRRG1IMTBmbkpTMmtmN2I2RzN1CmdsREZqWkpGVnJCNW10TmVPekxwMWc2cG8rbFVEdTV1b0U5VllEdExzbnJPanBFV242Y0N0RFRqNHBCV1RmNEYKbUdmS1FHbkc5RTVDeTZnczlJYXE2eWxEYm5vWTUwUWt6dmUzaUtLdytBc1JsMVhaZzIzcFZ0VTgrWFk4MnZGMwpXUkkzdVJBazJRbEZmNnBPYmwyNW1nblRxUUtCZ1FEZkNqOGZodU5NUWJXc25EZWxKaGJxU0ZQV01LZ1lBc0dQCm9lRGowQWIranR2SG9UNVpTeXI3Y2lxQTBDRElGWEp2S3pIUkJGSzFGRnZ1L0VLZVJVd0ZlVEdVakYzRHErWDAKMGE5SzdUL3ZnRUpYWDA5TktEL3F4bUY5SVdaTnFKcFJGbkI4S1NOTkErUFBFY1Q5bHFMNGNteXBzdGN6STJjRgpKcStHeWNmZHJRS0JnUUNIY1Z4UkY4cmJyaEJRQkh4M2poSFdSSjRiMjRzZzk4U0NTTnVOaitTdmFmOFI3M3ZjCmR0UmF6cm4zc3NQZlFVQWFEYnV4dHJrT2k3SWlhZU1pRGZMQXNxclBZOG1RUE9mdUZib1JiVG1ySzZJSGVFNisKVDJhemltTWZQODdiK3JPWHcyaDBseHdJdUZja09FVTQxcDhIVnhBdWIrT3FHUnIyOExTUFloOTRpUUtCZ0VuOQpqelU1UFR3MTdEdm4wdm5oYWVhc3Vjc3Jkd2dJR2dnNURtN2t1djFGalJscm4xQm1CRXRIODF1cUw4WFFmNWJyCmdHb3pnZkI2WVlrbGZFQWZBdm9wMjAzSlJ1MjduOXlZbHd0SEsxZWJkK2FlUXFONC84TTFybStoWGR2VFcrWWMKaUpKWDMxTVVRRVdZUW41UnM1eXg4T1JXNU5jZEhuYngvM2E2aDZnOUFvR0JBSy94bDNUL2MyR29ERTdWak9EMQpJcE94QW04dXVpOFlwbjlnSUIyRkFtVWV3RFdwU0U4N0w1VERBdkZndWlkN2FTZk5WZVVKK3ovb0JzNTA5eTl4Ck5vZDZ5aWlnbFYzYXNoRFBaSVpPOFFuNDlHdExRbjBDTklyZUdLNXFMSWZxbklZWUZOdkNpMkxmVWtrTTc1T0cKQ0RTTHhBVDRLTEdOem5scnh3RVN6WlpWCi0tLS0tRU5EIFBSSVZBVEUgS0VZLS0tLS0K"
PUBLIC_KEY="LS0tLS1CRUdJTiBQVUJMSUMgS0VZLS0tLS0KTUlJQklqQU5CZ2txaGtpRzl3MEJBUUVGQUFPQ0FROEFNSUlCQ2dLQ0FRRUF5SDZJRmp1WmRFOWRqcHE5RlpmbQpWSG1sdHk1dVNNSVJKZTJUNnU2VTBJcU1kNGkwTkJ6UVRqSTJhN05YbnkrZWZzaEFkekNCbGRwdnZ3ODk4eHR2CjZiVWJoLzQrWjkzR0lsSmt4a21SUWhTbllWajdtNUk3ZVA1TTFTcmZKc2dIbDF2M2tQMWdGYjduNzVLQWhwYUEKKzIvOG42dU1JekM3TDZkZ25tOFRiVWhuTUdJZ2pYUGxEdXpHLzhHcElLK3lmR2VOZUEvY3V4RXpsVFo0aG5ROQp0K2prOGR0eE1QVk9GU2xxK01sN2cwc2JPT3M4RTZCMVVIQVRVN0tlNlFhcGRzRzc0aVZWQ1dySk84VFBPWUZzCnNwV1cxUHRESHkzTHEwRkljUFFNRGh5WUxydzJkL2ltV20vaUswdlZ5RmgxQnBmWDNxMGFMVGZ0b2xhd3pidnUKTlFJREFRQUIKLS0tLS1FTkQgUFVCTElDIEtFWS0tLS0tCg=="