STATION_ID=station-2
HARBOR_USER=station2
HARBOR_PASSWORD=station123
HARBOR_EMAIL=station2@localhost.local
STATION_NAME=Station 2
STATION_EMAIL=station2@localhost.local
HARBOR_CLI=local-harbor-cli-secret
HARBOR_WEBHOOK_SECRET=local-webhook-secret
CENTRALSERVICE_ADDRESS=localhost
CENTRALSERVICE_PORT=3000
CENTRALSERVICE_ENDPOINT=http://localhost:3000
AUTH_SERVER_ADDRESS=localhost
AUTH_SERVER_PORT=8090
KC_AUTH_SERVER_URL=http://host.docker.internal:8090
KC_REALM=pht-station
KC_CLIENT_ID=pht-station
KC_CLIENT_SECRET=9eDl3P2lWBhXvuYjy3rsCIi9MvOFFRak
MONGO_HOST=mongo
MONGO_PORT=27017
MONGO_USER=admin
MONGO_PASSWORD=admin123456
MONGO_DB=pht
MONGO_AUTH_SOURCE=admin
DOCKER_HOST=pht-dind
DOCKER_PORT=2376
VAULT_HOST=vault
VAULT_PORT=8200
VAULT_TOKEN=station-root-token
VAULT_ADDR=http://vault:8200
JWT_SECRET=pht-station-jwt-secret
SESSION_SECRET=pht-station-session-secret
METADATA_PROVIDER=http://metadata:9988
METADATA_STORE=http://localhost:8001
COSIGN_ENABLED=false
NODE_ENV=development
HOST_MOUNT_DIRECTORY=/tmp
PRIVATE_KEY="LS0tLS1CRUdJTiBQUklWQVRFIEtFWS0tLS0tCk1JSUV2Z0lCQURBTkJna3Foa2lHOXcwQkFRRUZBQVNDQktnd2dnU2tBZ0VBQW9JQkFRRG9nNTlFRGpjbEozQjEKUFJzNWlLVzE0dFA0VEtJTDlTVi9oeFRPdlF0eS9oOVh5RFB6YVlyR1lpUVlOS0hQUlV3cUQ3VzROTXNDSFRvWgpXdTM0eHcyRm5FeEJXREhTQzRxeTloUDR1ay83Q2hiUnBSdUJoSWZRRml6Y1VYNCtCV1BmaFR2SDFnZmZod2U2Cms2cDBuOU5zYUpkT1JVWTB1eFIrd0xINm9mN2hnQVNmU3VBUkRSNThXSU5jbHdYZmZrNDEwQ0syaG5jRHFidUEKTzFxdW1qaE9OVnRUcS9QOWNhQVNFb0tSRXpDejE0eDRub3Z0RXpGRTVNV3g5RlNvOGhoTzA0eU42cDR2OHh5bQp3QnBCTFpsTSs0alZ1U0tadjRNMHNGYm9VdllGSEdRV3B2MXEvc1ozcEREVEFUTnFzVG1VbVhBNEpDcWdVY3NDCk45bHlZNTNaQWdNQkFBRUNnZ0VBQmhhZmtVSGpzNXRHaGRTMjRETzNPUjNLZjA0M0VRNlhMOXdhNXFDZ2RUU2oKeXFIbXF3UHpaYnlmVUN0SCt4R0lEQjJUWEgwMHZWRUVHdDFjd3JQOW96eHVQNzRlTnk4NldoNGpudWYyc2xsaQpNeFQ2ZFNnQ0FXZ2trNzZtTlFhMjhJZXJMWHYvTFVmUHplb25kTHgrKzFxbGJ2VXFsZDlraXVsNHBPK0xLUjdyCkFabUVKRlI5WERhRUQrV0VObmY4eDdDbEM1VTNPWW16NEFBaVJydGN2V2NVemVlTGZHcFBCa2Z4MjhBdHdtbEUKQkFqc0lBQVhIdDNiNTNDS1hXOHBvdVlNTWdMMnRkUURuK2tJUzRrZEc2SVNMOVgxczVlVmovOXB3a21icVdBTgo0cU5ieGdUQVd2UncwRVBta3lib3ZmSnViVFo2ckF5aVgzVTFsdXFKSVFLQmdRRDlFVStnSG5FZmpWS3ErZ253CkZCNHd3cEtsNVd1UjhSYXJMMGFYNm5tbW41OVR1M0NmN3J5UkVDZDViSmNQZlVGREJFQjZWVVhpbTFTSjg0dUYKK0YxU2x0V1NhMER0b0dVRW1acEpiTFY5SlBKWWlCSUFnc1lpQWJ3cjNwZUN6OUFBTFZHYmt6RWkwZXlqQ0dmVQpiZGlMbXllMmJlOTFvMS9ORjMvd0dXaXA2UUtCZ1FEck5WZVhjQ0p3SVBRVHVJQ3Bpei9PVmNiTGI3YzhiWEpMCmkrUmZTUCtSWWFNd1Fvb282ZnBzSklUd3pDcW5IR2Nic3c1TUlhOFV0cXRPVHg2SXRHZm94MUZFRkwybGRBa2wKcG5EYnZ6ek5uWCtaajhEdmFWMDdCYnRoWlQ5Szd0UndJOSs3YXMwTWhuVWtmZFA3OEZTVEMyZ1pDdXpvYk10dwo5TEJGaFNydWNRS0JnUUNQN0lCMGQ5dXVMaG1OMDVaRFM2Mi8zV2k1b0xpRXo3QXN1ejVTdDY5bjYvQVpGc2orCnJDL2g4R1lDMEpjNDMrdDF5YjFCMWExaEt5WHhMdWx5ejhXRGF2VWJ5Sk9za1VQaVVkbEZXT1grdmp4MXpTMHYKelRBUnR4cmxlRHFDMHQxZ3ZHVmxMVmtNakljZ1VXOTdpTjFXeUc3VmVjQnVEdlExRitCVEZLQkp3UUtCZ0ZzdgpKOUQyMFBNRlkzcE51ZHVBdDNESGdqVVdEMFJtN2J0cDlWUVhXYlREMUY3K1BNK1Z2ZGEwNWJEd2hjeVpUMFBHCnk5RXA4ZFVtNkF5STBiNlBxZ1R0V0l6N09YWnVJS211OSt2SkhNcGR0NzBScE90cnZwQUdMZG1aUmN0SUFhV2oKMHJXMnR0MlhOc3k1MXpmQnVSZjBnUnZNUjRIbnc0cjc0V1ppTlAyUkFvR0JBTUZGdFhiSFNuRDRwNk94OXZNSwpmSVlGVk4rRWNuUXFYWDhkMlQ1RWxsQ0FoNGFyRmlWVitOTzhac3B2c2RSZjRuVUhabGRSRzRzdjNzdzUvVy9tCkg0WU5RTGZIYVlCbEhXc1lFd2xvV3dJbWtweERoZWlqdzFsVHhWVUxwSUl4RTdTRllQMTZ3Mk9wL1ZjaFlGdDcKTE01M0dKUVZEd0JycHN3My9PUXplSDJLCi0tLS0tRU5EIFBSSVZBVEUgS0VZLS0tLS0K"
PUBLIC_KEY="LS0tLS1CRUdJTiBQVUJMSUMgS0VZLS0tLS0KTUlJQklqQU5CZ2txaGtpRzl3MEJBUUVGQUFPQ0FROEFNSUlCQ2dLQ0FRRUE2SU9mUkE0M0pTZHdkVDBiT1lpbAp0ZUxUK0V5aUMvVWxmNGNVenIwTGN2NGZWOGd6ODJtS3htSWtHRFNoejBWTUtnKzF1RFRMQWgwNkdWcnQrTWNOCmhaeE1RVmd4MGd1S3N2WVQrTHBQK3dvVzBhVWJnWVNIMEJZczNGRitQZ1ZqMzRVN3g5WUgzNGNIdXBPcWRKL1QKYkdpWFRrVkdOTHNVZnNDeCtxSCs0WUFFbjByZ0VRMGVmRmlEWEpjRjMzNU9OZEFpdG9aM0E2bTdnRHRhcnBvNApUalZiVTZ2ei9YR2dFaEtDa1JNd3M5ZU1lSjZMN1JNeFJPVEZzZlJVcVBJWVR0T01qZXFlTC9NY3BzQWFRUzJaClRQdUkxYmtpbWIrRE5MQlc2RkwyQlJ4a0ZxYjlhdjdHZDZRdzB3RXphckU1bEpsd09DUXFvRkhMQWpmWmNtT2QKMlFJREFRQUIKLS0tLS1FTkQgUFVCTElDIEtFWS0tLS0tCg=="